
Microsoft Visual Studio Solution File, Format Version 12.00
# Visual Studio Version 17
VisualStudioVersion = 17.8.34330.188
MinimumVisualStudioVersion = 10.0.40219.1
Project("{FAE04EC0-301F-11D3-BF4B-00C04F79EFBC}") = "WebApp", "WebApp\WebApp.csproj", "{D03AE554-4237-47D8-8055-92EEDD942EDC}"
EndProject
Global
	GlobalSection(SolutionConfigurationPlatforms) = preSolution
		Debug|Any CPU = Debug|Any CPU
		Release|Any CPU = Release|Any CPU
	EndGlobalSection
	GlobalSection(ProjectConfigurationPlatforms) = postSolution
		{D03AE554-4237-47D8-8055-92EEDD942EDC}.Debug|Any CPU.ActiveCfg = Debug|Any CPU
		{D03AE554-4237-47D8-8055-92EEDD942EDC}.Debug|Any CPU.Build.0 = Debug|Any CPU
		{D03AE554-4237-47D8-8055-92EEDD942EDC}.Release|Any CPU.ActiveCfg = Release|Any CPU
		{D03AE554-4237-47D8-8055-92EEDD942EDC}.Release|Any CPU.Build.0 = Release|Any CPU
	EndGlobalSection
	GlobalSection(SolutionProperties) = preSolution
		HideSolutionNode = FALSE
	EndGlobalSection
	GlobalSection(ExtensibilityGlobals) = postSolution
		SolutionGuid = {5B752CA6-152D-4F8B-8AA1-212D078ACA7F}
	EndGlobalSection
EndGlobal
